{
  "name": "css-debugger",
  "version": "0.0.1",
  "lockfileVersion": 1,
  "requires": true,
  "dependencies": {
    "argparse": {
      "version": "https://registry.npmjs.org/argparse/-/argparse-1.0.9.tgz",
      "integrity": "sha1-c9g7wmP4bpf4zE9rrhsOkKfSLIY=",
      "requires": {
        "sprintf-js": "https://registry.npmjs.org/sprintf-js/-/sprintf-js-1.0.3.tgz"
      }
    },
    "colors": {
      "version": "https://registry.npmjs.org/colors/-/colors-0.5.1.tgz",
      "integrity": "sha1-fQAj6usVTo7p/Oddy5I9DtFmd3Q="
    },
    "discontinuous-range": {
      "version": "https://registry.npmjs.org/discontinuous-range/-/discontinuous-range-1.0.0.tgz",
      "integrity": "sha1-44Mx8IRLukm5qctxx3FYWqsbxlo="
    },
    "esprima": {
      "version": "https://registry.npmjs.org/esprima/-/esprima-4.0.0.tgz",
      "integrity": "sha1-RJnt3NERDgshi6zy+n9/WfVcqAQ="
    },
    "graceful-fs": {
      "version": "4.1.11",
      "resolved": "https://registry.npmjs.org/graceful-fs/-/graceful-fs-4.1.11.tgz",
      "integrity": "sha1-Dovf5NHduIVNZOBOp8AOKgJuVlg=",
      "optional": true
    },
    "js-yaml": {
      "version": "https://registry.npmjs.org/js-yaml/-/js-yaml-3.10.0.tgz",
      "integrity": "sha1-LnhEFka9RoLpY/IrbpKCPDCcYtw=",
      "requires": {
        "argparse": "https://registry.npmjs.org/argparse/-/argparse-1.0.9.tgz",
        "esprima": "https://registry.npmjs.org/esprima/-/esprima-4.0.0.tgz"
      }
    },
    "jsonfile": {
      "version": "4.0.0",
      "resolved": "https://registry.npmjs.org/jsonfile/-/jsonfile-4.0.0.tgz",
      "integrity": "sha1-h3Gq4HmbZAdrdmQPygWPnBDjPss=",
      "requires": {
        "graceful-fs": "4.1.11"
      }
    },
    "nearley": {
      "version": "https://registry.npmjs.org/nearley/-/nearley-2.11.0.tgz",
      "integrity": "sha1-XmJseabNL2q55+XVgF52aJZ3V64=",
      "requires": {
        "nomnom": "https://registry.npmjs.org/nomnom/-/nomnom-1.6.2.tgz",
        "railroad-diagrams": "https://registry.npmjs.org/railroad-diagrams/-/railroad-diagrams-1.0.0.tgz",
        "randexp": "https://registry.npmjs.org/randexp/-/randexp-0.4.6.tgz"
      }
    },
    "nomnom": {
      "version": "https://registry.npmjs.org/nomnom/-/nomnom-1.6.2.tgz",
      "integrity": "sha1-hKZqJgF0QI/Ft3oY+IjszET7aXE=",
      "requires": {
        "colors": "https://registry.npmjs.org/colors/-/colors-0.5.1.tgz",
        "underscore": "https://registry.npmjs.org/underscore/-/underscore-1.4.4.tgz"
      }
    },
    "railroad-diagrams": {
      "version": "https://registry.npmjs.org/railroad-diagrams/-/railroad-diagrams-1.0.0.tgz",
      "integrity": "sha1-635iZ1SN3t+4mcG5Dlc3RVnN234="
    },
    "randexp": {
      "version": "https://registry.npmjs.org/randexp/-/randexp-0.4.6.tgz",
      "integrity": "sha1-6YatXl4x2uE93W97MBmqfIf2DKM=",
      "requires": {
        "discontinuous-range": "https://registry.npmjs.org/discontinuous-range/-/discontinuous-range-1.0.0.tgz",
        "ret": "https://registry.npmjs.org/ret/-/ret-0.1.15.tgz"
      }
    },
    "ret": {
      "version": "https://registry.npmjs.org/ret/-/ret-0.1.15.tgz",
      "integrity": "sha1-uKSCXVvbH8P29Twrwz+BOIaBx7w="
    },
    "sprintf-js": {
      "version": "https://registry.npmjs.org/sprintf-js/-/sprintf-js-1.0.3.tgz",
      "integrity": "sha1-BOaSb2YolTVPPdAVIDYzuFcpfiw="
    },
    "underscore": {
      "version": "https://registry.npmjs.org/underscore/-/underscore-1.4.4.tgz",
      "integrity": "sha1-YaajIBBiKvoHljvzJSA88SI51gQ="
    }
  }
}
